{
  "name": "plugin",
  "version": "0.0.1",
  "lockfileVersion": 3,
  "requires": true,
  "packages": {
    "": {
      "name": "plugin",
      "version": "0.0.1",
      "dependencies": {
        "@opencode-ai/plugin": "^1.0.51",
        "with-context-mcp": "file:.."
      }
    },
    "..": {
      "version": "3.0.0",
      "license": "MIT",
      "dependencies": {
        "@modelcontextprotocol/sdk": "^1.0.4",
        "axios": "^1.6.0",
        "dotenv": "^16.3.0",
        "glob": "^11.0.3",
        "micromatch": "^4.0.8",
        "with-context-mcp": "^2.1.0",
        "zod": "^3.22.0"
      },
      "bin": {
        "with-context-mcp": "dist/index.js"
      },
      "devDependencies": {
        "@eslint/js": "^9.39.0",
        "@types/eslint__js": "^8.42.3",
        "@types/micromatch": "^4.0.10",
        "@types/node": "^20.0.0",
        "@vitest/coverage-v8": "^4.0.6",
        "@vitest/ui": "^4.0.6",
        "eslint": "^9.39.0",
        "eslint-config-prettier": "^10.1.8",
        "husky": "^9.1.7",
        "lint-staged": "^16.2.6",
        "prettier": "^3.6.2",
        "tsx": "^4.7.0",
        "typescript": "^5.3.0",
        "typescript-eslint": "^8.46.2",
        "vitest": "^4.0.6"
      },
      "engines": {
        "node": ">=18.0.0"
      }
    },
    "node_modules/@opencode-ai/plugin": {
      "version": "1.0.51",
      "resolved": "https://registry.npmjs.org/@opencode-ai/plugin/-/plugin-1.0.51.tgz",
      "integrity": "sha512-Mkogc2Srqkf+A9HGHOjpsYNsde2wPs0wsXap0G+e52whOAs5Le2cP/3ghIE3CR9ljQOlXvaIUYADJEsNb190xQ==",
      "dependencies": {
        "@opencode-ai/sdk": "1.0.51",
        "zod": "4.1.8"
      }
    },
    "node_modules/@opencode-ai/plugin/node_modules/zod": {
      "version": "4.1.8",
      "resolved": "https://registry.npmjs.org/zod/-/zod-4.1.8.tgz",
      "integrity": "sha512-5R1P+WwQqmmMIEACyzSvo4JXHY5WiAFHRMg+zBZKgKS+Q1viRa0C1hmUKtHltoIFKtIdki3pRxkmpP74jnNYHQ==",
      "license": "MIT",
      "funding": {
        "url": "https://github.com/sponsors/colinhacks"
      }
    },
    "node_modules/@opencode-ai/sdk": {
      "version": "1.0.51",
      "resolved": "https://registry.npmjs.org/@opencode-ai/sdk/-/sdk-1.0.51.tgz",
      "integrity": "sha512-lwL85Nq+qqqu+6Fe/h5i/cdcCJvtm6xuWPSt/4D+PpbcLpL2O/SD3S7ifnqIKq2Xf2orBeJekqoICOBN+1Mg1w=="
    },
    "node_modules/with-context-mcp": {
      "resolved": "..",
      "link": true
    }
  }
}
